
Microsoft Visual Studio Solution File, Format Version 12.00
# Visual Studio Version 17
VisualStudioVersion = 17.4.33213.308
MinimumVisualStudioVersion = 10.0.40219.1
Project("{FAE04EC0-301F-11D3-BF4B-00C04F79EFBC}") = "Practice4.1", "Practice4.1\Practice4.1.csproj", "{BD3E73A0-C194-424C-83D2-55BB32F7E76F}"
EndProject
Global
	GlobalSection(SolutionConfigurationPlatforms) = preSolution
		Debug|Any CPU = Debug|Any CPU
		Release|Any CPU = Release|Any CPU
	EndGlobalSection
	GlobalSection(ProjectConfigurationPlatforms) = postSolution
		{BD3E73A0-C194-424C-83D2-55BB32F7E76F}.Debug|Any CPU.ActiveCfg = Debug|Any CPU
		{BD3E73A0-C194-424C-83D2-55BB32F7E76F}.Debug|Any CPU.Build.0 = Debug|Any CPU
		{BD3E73A0-C194-424C-83D2-55BB32F7E76F}.Release|Any CPU.ActiveCfg = Release|Any CPU
		{BD3E73A0-C194-424C-83D2-55BB32F7E76F}.Release|Any CPU.Build.0 = Release|Any CPU
	EndGlobalSection
	GlobalSection(SolutionProperties) = preSolution
		HideSolutionNode = FALSE
	EndGlobalSection
	GlobalSection(ExtensibilityGlobals) = postSolution
		SolutionGuid = {57E64DA1-EC5E-43AC-A182-0B1D581FA7BF}
	EndGlobalSection
EndGlobal
