
Microsoft Visual Studio Solution File, Format Version 12.00
# Visual Studio Version 17
VisualStudioVersion = 17.4.33213.308
MinimumVisualStudioVersion = 10.0.40219.1
Project("{FAE04EC0-301F-11D3-BF4B-00C04F79EFBC}") = "Practice 13", "Practice 13\Practice 13.csproj", "{6EFB4EEB-BF85-476C-8604-FE1C4AC49D4B}"
EndProject
Global
	GlobalSection(SolutionConfigurationPlatforms) = preSolution
		Debug|Any CPU = Debug|Any CPU
		Release|Any CPU = Release|Any CPU
	EndGlobalSection
	GlobalSection(ProjectConfigurationPlatforms) = postSolution
		{6EFB4EEB-BF85-476C-8604-FE1C4AC49D4B}.Debug|Any CPU.ActiveCfg = Debug|Any CPU
		{6EFB4EEB-BF85-476C-8604-FE1C4AC49D4B}.Debug|Any CPU.Build.0 = Debug|Any CPU
		{6EFB4EEB-BF85-476C-8604-FE1C4AC49D4B}.Release|Any CPU.ActiveCfg = Release|Any CPU
		{6EFB4EEB-BF85-476C-8604-FE1C4AC49D4B}.Release|Any CPU.Build.0 = Release|Any CPU
	EndGlobalSection
	GlobalSection(SolutionProperties) = preSolution
		HideSolutionNode = FALSE
	EndGlobalSection
	GlobalSection(ExtensibilityGlobals) = postSolution
		SolutionGuid = {BA9E6652-DA4D-465A-975D-DE8742221529}
	EndGlobalSection
EndGlobal
