
Microsoft Visual Studio Solution File, Format Version 12.00
# Visual Studio Version 17
VisualStudioVersion = 17.4.33213.308
MinimumVisualStudioVersion = 10.0.40219.1
Project("{FAE04EC0-301F-11D3-BF4B-00C04F79EFBC}") = "Practice 4.2", "Practice 4.2\Practice 4.2.csproj", "{EE971500-6309-47EE-BDA7-2D529B2A3267}"
EndProject
Global
	GlobalSection(SolutionConfigurationPlatforms) = preSolution
		Debug|Any CPU = Debug|Any CPU
		Release|Any CPU = Release|Any CPU
	EndGlobalSection
	GlobalSection(ProjectConfigurationPlatforms) = postSolution
		{EE971500-6309-47EE-BDA7-2D529B2A3267}.Debug|Any CPU.ActiveCfg = Debug|Any CPU
		{EE971500-6309-47EE-BDA7-2D529B2A3267}.Debug|Any CPU.Build.0 = Debug|Any CPU
		{EE971500-6309-47EE-BDA7-2D529B2A3267}.Release|Any CPU.ActiveCfg = Release|Any CPU
		{EE971500-6309-47EE-BDA7-2D529B2A3267}.Release|Any CPU.Build.0 = Release|Any CPU
	EndGlobalSection
	GlobalSection(SolutionProperties) = preSolution
		HideSolutionNode = FALSE
	EndGlobalSection
	GlobalSection(ExtensibilityGlobals) = postSolution
		SolutionGuid = {D29938A4-2B3B-43EC-A0E0-BE1990D8843E}
	EndGlobalSection
EndGlobal
